# This file is autogenerated, do not edit; changes may be undone by the next 'dep ensure'.


[[projects]]
  name = "github.com/aws/aws-lambda-go"
  packages = ["events"]
  revision = "28a6e9fa1fc02d45d9a8c0a8d22c7d5c3580aa03"
  version = "v1.0.0"

[solve-meta]
  analyzer-name = "dep"
  analyzer-version = 1
  inputs-digest = "3f7f3ad18f3476fc856a32af3b270b9c82668236cffcf43c8bab1a3ec25f7edd"
  solver-name = "gps-cdcl"
  solver-version = 1
